
Microsoft Visual Studio Solution File, Format Version 12.00
# Visual Studio Version 17
VisualStudioVersion = 17.10.34928.147
MinimumVisualStudioVersion = 10.0.40219.1
Project("{8BC9CEB8-8B4A-11D0-8D11-00A0C91BC942}") = "RC-CAR", "RC-CAR\RC-CAR.vcxproj", "{A1B23BD3-A69B-4F08-8CE7-5BA070CBBA7E}"
EndProject
Project("{8BC9CEB8-8B4A-11D0-8D11-00A0C91BC942}") = "WSHRCCarController", "WSHRCCarController\WSHRCCarController.vcxproj", "{EE12320F-C616-496E-ADF9-001D6044F0CE}"
EndProject
Global
	GlobalSection(SolutionConfigurationPlatforms) = preSolution
		Debug|ARM = Debug|ARM
		Debug|ARM64 = Debug|ARM64
		Release|ARM = Release|ARM
		Release|ARM64 = Release|ARM64
	EndGlobalSection
	GlobalSection(ProjectConfigurationPlatforms) = postSolution
		{A1B23BD3-A69B-4F08-8CE7-5BA070CBBA7E}.Debug|ARM.ActiveCfg = Debug|ARM
		{A1B23BD3-A69B-4F08-8CE7-5BA070CBBA7E}.Debug|ARM.Build.0 = Debug|ARM
		{A1B23BD3-A69B-4F08-8CE7-5BA070CBBA7E}.Debug|ARM.Deploy.0 = Debug|ARM
		{A1B23BD3-A69B-4F08-8CE7-5BA070CBBA7E}.Debug|ARM64.ActiveCfg = Debug|ARM64
		{A1B23BD3-A69B-4F08-8CE7-5BA070CBBA7E}.Debug|ARM64.Build.0 = Debug|ARM64
		{A1B23BD3-A69B-4F08-8CE7-5BA070CBBA7E}.Debug|ARM64.Deploy.0 = Debug|ARM64
		{A1B23BD3-A69B-4F08-8CE7-5BA070CBBA7E}.Release|ARM.ActiveCfg = Release|ARM
		{A1B23BD3-A69B-4F08-8CE7-5BA070CBBA7E}.Release|ARM.Build.0 = Release|ARM
		{A1B23BD3-A69B-4F08-8CE7-5BA070CBBA7E}.Release|ARM.Deploy.0 = Release|ARM
		{A1B23BD3-A69B-4F08-8CE7-5BA070CBBA7E}.Release|ARM64.ActiveCfg = Release|ARM64
		{A1B23BD3-A69B-4F08-8CE7-5BA070CBBA7E}.Release|ARM64.Build.0 = Release|ARM64
		{A1B23BD3-A69B-4F08-8CE7-5BA070CBBA7E}.Release|ARM64.Deploy.0 = Release|ARM64
		{EE12320F-C616-496E-ADF9-001D6044F0CE}.Debug|ARM.ActiveCfg = Debug|ARM
		{EE12320F-C616-496E-ADF9-001D6044F0CE}.Debug|ARM.Build.0 = Debug|ARM
		{EE12320F-C616-496E-ADF9-001D6044F0CE}.Debug|ARM.Deploy.0 = Debug|ARM
		{EE12320F-C616-496E-ADF9-001D6044F0CE}.Debug|ARM64.ActiveCfg = Debug|ARM64
		{EE12320F-C616-496E-ADF9-001D6044F0CE}.Debug|ARM64.Build.0 = Debug|ARM64
		{EE12320F-C616-496E-ADF9-001D6044F0CE}.Debug|ARM64.Deploy.0 = Debug|ARM64
		{EE12320F-C616-496E-ADF9-001D6044F0CE}.Release|ARM.ActiveCfg = Release|ARM
		{EE12320F-C616-496E-ADF9-001D6044F0CE}.Release|ARM.Build.0 = Release|ARM
		{EE12320F-C616-496E-ADF9-001D6044F0CE}.Release|ARM.Deploy.0 = Release|ARM
		{EE12320F-C616-496E-ADF9-001D6044F0CE}.Release|ARM64.ActiveCfg = Release|ARM64
		{EE12320F-C616-496E-ADF9-001D6044F0CE}.Release|ARM64.Build.0 = Release|ARM64
		{EE12320F-C616-496E-ADF9-001D6044F0CE}.Release|ARM64.Deploy.0 = Release|ARM64
	EndGlobalSection
	GlobalSection(SolutionProperties) = preSolution
		HideSolutionNode = FALSE
	EndGlobalSection
	GlobalSection(ExtensibilityGlobals) = postSolution
		SolutionGuid = {5F9EF28D-F388-46ED-9C38-41091AAFD8A7}
	EndGlobalSection
EndGlobal
